<Solution>
  <Folder Name="/1 Aspire/">
    <Project Path="AzureAIAvatarBlazor.AppHost/AzureAIAvatarBlazor.AppHost.csproj" Id="f4ad3f17-2a27-483f-bcad-21fbd9df4318" />
    <Project Path="AzureAIAvatarBlazor.ServiceDefaults/AzureAIAvatarBlazor.ServiceDefaults.csproj" />
  </Folder>
  <Folder Name="/2 Custom Avatar App/">
    <Project Path="AzureAIAvatarBlazor/AzureAIAvatarBlazor.csproj" />
  </Folder>
</Solution>
